schema: '2.0'
stages:
  train_pytorch:
    cmd: python -m src.training.train_pytorch
    deps:
    - path: data/raw
      hash: md5
      md5: ab3353d41bd7a24a20a31f29b64e3b3c.dir
      size: 66544770
      nfiles: 8
    - path: src/models/pytorch_model.py
      hash: md5
      md5: 7be3fe6b904e5563d97f4ee6890842ee
      size: 745
    - path: src/training/train_pytorch.py
      hash: md5
      md5: 24d72ec8a50ddfbcba67bb75113a9fcf
      size: 14109
    params:
      params.yaml:
        data.num_classes: 10
        data.train_size: 50000
        data.val_size: 10000
        model.batch_norm: true
        model.dropout: 0.3
        model.hidden_size: 128
        model.input_size: 784
        model.output_size: 10
        train.batch_size: 64
        train.epochs: 10
        train.learning_rate: 0.001
        train.optimizer: adam
        train.seed: 42
    outs:
    - path: metrics/train_metrics.json
      hash: md5
      md5: ea56e411d49216b6b4439797f57e832b
      size: 368
    - path: models/pytorch/best_checkpoint.pth
      hash: md5
      md5: 9c3107d6fd93a52027be2efaa9913c0c
      size: 1234458
    - path: models/pytorch/mnist_ann_bn_dropout.pth
      hash: md5
      md5: 6011ae24e6a1897ff91c3ed7c7d568eb
      size: 413260
  evaluate_pytorch:
    cmd: python -m src.evaluation.evaluate
    deps:
    - path: data/raw
      hash: md5
      md5: ab3353d41bd7a24a20a31f29b64e3b3c.dir
      size: 66544770
      nfiles: 8
    - path: models/pytorch/best_checkpoint.pth
      hash: md5
      md5: 9c3107d6fd93a52027be2efaa9913c0c
      size: 1234458
    - path: src/evaluation/evaluate.py
      hash: md5
      md5: ee72294738802aee7fd30c5569233c5b
      size: 5636
    - path: src/models/pytorch_model.py
      hash: md5
      md5: 7be3fe6b904e5563d97f4ee6890842ee
      size: 745
    params:
      params.yaml:
        model.batch_norm: true
        model.dropout: 0.3
        model.hidden_size: 128
        model.input_size: 784
        model.output_size: 10
        train.batch_size: 64
    outs:
    - path: metrics/test_metrics.json
      hash: md5
      md5: 5ddee989ac12f1915636f19d3b728a6a
      size: 319
